Microsoft Visual Studio Solution File, Format Version 12.00
# Visual Studio 2012
Project("{FAE04EC0-301F-11D3-BF4B-00C04F79EFBC}") = "Disposable.Security.DataAccess.Test", "Disposable.Security.DataAccess.Test\Disposable.Security.DataAccess.Test.csproj", "{18C554D8-BBDF-49C0-B551-88FBF9C26C31}"
EndProject
Project("{2150E333-8FDC-42A3-9474-1A3956D46DE8}") = "Test", "Test", "{DEB84ABA-03CF-4902-B354-914A60E94765}"
EndProject
Project("{FAE04EC0-301F-11D3-BF4B-00C04F79EFBC}") = "Disposable.Web", "Disposable.Web\Disposable.Web.csproj", "{960A5BFF-37AD-4DC1-BB7B-68918462B4A0}"
EndProject
Project("{FAE04EC0-301F-11D3-BF4B-00C04F79EFBC}") = "Disposable.Web.Tests", "Disposable.Web.Tests\Disposable.Web.Tests.csproj", "{6463CA27-FD7A-46B1-B2BA-02AE1EF91F04}"
EndProject
Project("{FAE04EC0-301F-11D3-BF4B-00C04F79EFBC}") = "Disposable.Web.Security", "Disposable.Web.Security\Disposable.Web.Security.csproj", "{5CBC8C39-DE0F-4CFF-A902-4B0C3991641A}"
EndProject
Project("{FAE04EC0-301F-11D3-BF4B-00C04F79EFBC}") = "Disposable.Common", "Disposable.Common\Disposable.Common.csproj", "{1FF2CBDD-7F6E-4DDE-91D1-EBD5763E8018}"
EndProject
Project("{FAE04EC0-301F-11D3-BF4B-00C04F79EFBC}") = "Disposable.Common.Test", "Disposable.Common.Test\Disposable.Common.Test.csproj", "{58635AE0-9A30-4C2E-9A54-4135B2607299}"
EndProject
Project("{FAE04EC0-301F-11D3-BF4B-00C04F79EFBC}") = "Disposable.Test", "Disposable.Test\Disposable.Test.csproj", "{0D6F74B9-1196-4DBA-84BE-086FCDCB6C5E}"
EndProject
Project("{FAE04EC0-301F-11D3-BF4B-00C04F79EFBC}") = "Disposable.Security", "Disposable.Security\Disposable.Security.csproj", "{EF86A53A-1A9A-45F9-8D77-BE0FD92E16CA}"
EndProject
Project("{FAE04EC0-301F-11D3-BF4B-00C04F79EFBC}") = "Disposable.Data.Access", "Disposable.Data.Access\Disposable.Data.Access.csproj", "{818C082C-4696-44F2-AE09-97B1A6886191}"
EndProject
Project("{2150E333-8FDC-42A3-9474-1A3956D46DE8}") = "Data", "Data", "{79A25E09-9235-4C59-A2A6-0F1658A6D4EC}"
EndProject
Project("{2150E333-8FDC-42A3-9474-1A3956D46DE8}") = "Business", "Business", "{9C167216-3F98-4379-B2AF-E91EC6162FA3}"
EndProject
Project("{2150E333-8FDC-42A3-9474-1A3956D46DE8}") = "Web", "Web", "{0096FE72-138B-4B84-AAA3-FF37878B0A0D}"
EndProject
Project("{FAE04EC0-301F-11D3-BF4B-00C04F79EFBC}") = "Disposable.Data.Security", "Disposable.Data.Security\Disposable.Data.Security.csproj", "{803C1789-CA8F-46F4-86DF-164524353639}"
EndProject
Project("{2150E333-8FDC-42A3-9474-1A3956D46DE8}") = "Core", "Core", "{CFDB2C0E-A39D-4492-97F7-70BC82C6CA69}"
EndProject
Project("{FAE04EC0-301F-11D3-BF4B-00C04F79EFBC}") = "Disposable.Initialization", "Disposable.Initialization\Disposable.Initialization.csproj", "{AD0557DC-5DC6-438D-977D-D7771E99CEF5}"
EndProject
Project("{2150E333-8FDC-42A3-9474-1A3956D46DE8}") = "Application", "Application", "{02519D9F-93D5-4611-9E7C-91F3F30BB397}"
EndProject
Project("{2150E333-8FDC-42A3-9474-1A3956D46DE8}") = "Presentation", "Presentation", "{1431B21D-96B1-400D-893B-AABE794845C4}"
EndProject
Project("{2150E333-8FDC-42A3-9474-1A3956D46DE8}") = "Business", "Business", "{5B201DBE-2B45-4DEB-8A78-3045DCC581AE}"
EndProject
Project("{2150E333-8FDC-42A3-9474-1A3956D46DE8}") = "Foundation", "Foundation", "{31EC337A-F4C1-4C7A-BDE3-523729A561F4}"
EndProject
Project("{2150E333-8FDC-42A3-9474-1A3956D46DE8}") = "Core", "Core", "{FD5B9CCB-6D99-426D-B80A-8BDEC7C13462}"
EndProject
Project("{2150E333-8FDC-42A3-9474-1A3956D46DE8}") = "Web", "Web", "{64053B0A-CA80-45ED-8622-AB01696E1752}"
EndProject
Project("{2150E333-8FDC-42A3-9474-1A3956D46DE8}") = "Business", "Business", "{2BAE2819-4179-4951-9C0E-B0FC9DCC3A38}"
EndProject
Project("{2150E333-8FDC-42A3-9474-1A3956D46DE8}") = "Data", "Data", "{08F4DFC8-C6AC-4E91-9BF4-229F763984E6}"
EndProject
Project("{2150E333-8FDC-42A3-9474-1A3956D46DE8}") = "Foundation", "Foundation", "{CAB106E3-339A-4A65-A5B2-E4C73FF49F6F}"
EndProject
Project("{2150E333-8FDC-42A3-9474-1A3956D46DE8}") = "Business", "Business", "{67CC11C4-E4E0-4B41-B099-0962459F88EB}"
EndProject
Project("{2150E333-8FDC-42A3-9474-1A3956D46DE8}") = "Presentation", "Presentation", "{7A556D17-60AE-468F-B91E-2A5CC41016FF}"
EndProject
Project("{FAE04EC0-301F-11D3-BF4B-00C04F79EFBC}") = "Disposable.Web.Validation", "Disposable.Web.Validation\Disposable.Web.Validation.csproj", "{83B4335E-F368-4F30-8772-963965A5CA4C}"
EndProject
Project("{FAE04EC0-301F-11D3-BF4B-00C04F79EFBC}") = "Disposable.Validation", "Disposable.Validation\Disposable.Validation.csproj", "{89764B07-6937-4F2C-B876-991E1C879C44}"
EndProject
Project("{FAE04EC0-301F-11D3-BF4B-00C04F79EFBC}") = "Disposable.ViewModels", "Disposable.ViewModels\Disposable.ViewModels.csproj", "{51E2008F-9BC3-40F2-8C1D-A79F3D525BA7}"
EndProject
Project("{2150E333-8FDC-42A3-9474-1A3956D46DE8}") = ".nuget", ".nuget", "{28DCF1DD-3902-4489-ADB4-2519734C7A69}"
	ProjectSection(SolutionItems) = preProject
		.nuget\NuGet.Config = .nuget\NuGet.Config
		.nuget\NuGet.exe = .nuget\NuGet.exe
		.nuget\NuGet.targets = .nuget\NuGet.targets
	EndProjectSection
EndProject
Project("{FAE04EC0-301F-11D3-BF4B-00C04F79EFBC}") = "Disposable.Data.Packages", "Disposable.Data.Packages\Disposable.Data.Packages.csproj", "{6F6B6C9C-C821-4773-98F1-B3CD247EBFD3}"
EndProject
Global
	GlobalSection(SolutionConfigurationPlatforms) = preSolution
		Debug|Any CPU = Debug|Any CPU
		Debug|x64 = Debug|x64
		Release|Any CPU = Release|Any CPU
		Release|x64 = Release|x64
	EndGlobalSection
	GlobalSection(ProjectConfigurationPlatforms) = postSolution
		{18C554D8-BBDF-49C0-B551-88FBF9C26C31}.Debug|Any CPU.ActiveCfg = Debug|Any CPU
		{18C554D8-BBDF-49C0-B551-88FBF9C26C31}.Debug|Any CPU.Build.0 = Debug|Any CPU
		{18C554D8-BBDF-49C0-B551-88FBF9C26C31}.Debug|x64.ActiveCfg = Debug|x64
		{18C554D8-BBDF-49C0-B551-88FBF9C26C31}.Debug|x64.Build.0 = Debug|x64
		{18C554D8-BBDF-49C0-B551-88FBF9C26C31}.Release|Any CPU.ActiveCfg = Release|Any CPU
		{18C554D8-BBDF-49C0-B551-88FBF9C26C31}.Release|Any CPU.Build.0 = Release|Any CPU
		{18C554D8-BBDF-49C0-B551-88FBF9C26C31}.Release|x64.ActiveCfg = Release|x64
		{18C554D8-BBDF-49C0-B551-88FBF9C26C31}.Release|x64.Build.0 = Release|x64
		{960A5BFF-37AD-4DC1-BB7B-68918462B4A0}.Debug|Any CPU.ActiveCfg = Debug|Any CPU
		{960A5BFF-37AD-4DC1-BB7B-68918462B4A0}.Debug|Any CPU.Build.0 = Debug|Any CPU
		{960A5BFF-37AD-4DC1-BB7B-68918462B4A0}.Debug|x64.ActiveCfg = Debug|x64
		{960A5BFF-37AD-4DC1-BB7B-68918462B4A0}.Debug|x64.Build.0 = Debug|x64
		{960A5BFF-37AD-4DC1-BB7B-68918462B4A0}.Release|Any CPU.ActiveCfg = Release|Any CPU
		{960A5BFF-37AD-4DC1-BB7B-68918462B4A0}.Release|Any CPU.Build.0 = Release|Any CPU
		{960A5BFF-37AD-4DC1-BB7B-68918462B4A0}.Release|x64.ActiveCfg = Release|x64
		{960A5BFF-37AD-4DC1-BB7B-68918462B4A0}.Release|x64.Build.0 = Release|x64
		{6463CA27-FD7A-46B1-B2BA-02AE1EF91F04}.Debug|Any CPU.ActiveCfg = Debug|Any CPU
		{6463CA27-FD7A-46B1-B2BA-02AE1EF91F04}.Debug|Any CPU.Build.0 = Debug|Any CPU
		{6463CA27-FD7A-46B1-B2BA-02AE1EF91F04}.Debug|x64.ActiveCfg = Debug|x64
		{6463CA27-FD7A-46B1-B2BA-02AE1EF91F04}.Debug|x64.Build.0 = Debug|x64
		{6463CA27-FD7A-46B1-B2BA-02AE1EF91F04}.Release|Any CPU.ActiveCfg = Release|Any CPU
		{6463CA27-FD7A-46B1-B2BA-02AE1EF91F04}.Release|Any CPU.Build.0 = Release|Any CPU
		{6463CA27-FD7A-46B1-B2BA-02AE1EF91F04}.Release|x64.ActiveCfg = Release|x64
		{6463CA27-FD7A-46B1-B2BA-02AE1EF91F04}.Release|x64.Build.0 = Release|x64
		{5CBC8C39-DE0F-4CFF-A902-4B0C3991641A}.Debug|Any CPU.ActiveCfg = Debug|Any CPU
		{5CBC8C39-DE0F-4CFF-A902-4B0C3991641A}.Debug|Any CPU.Build.0 = Debug|Any CPU
		{5CBC8C39-DE0F-4CFF-A902-4B0C3991641A}.Debug|x64.ActiveCfg = Debug|x64
		{5CBC8C39-DE0F-4CFF-A902-4B0C3991641A}.Debug|x64.Build.0 = Debug|x64
		{5CBC8C39-DE0F-4CFF-A902-4B0C3991641A}.Release|Any CPU.ActiveCfg = Release|Any CPU
		{5CBC8C39-DE0F-4CFF-A902-4B0C3991641A}.Release|Any CPU.Build.0 = Release|Any CPU
		{5CBC8C39-DE0F-4CFF-A902-4B0C3991641A}.Release|x64.ActiveCfg = Release|x64
		{5CBC8C39-DE0F-4CFF-A902-4B0C3991641A}.Release|x64.Build.0 = Release|x64
		{1FF2CBDD-7F6E-4DDE-91D1-EBD5763E8018}.Debug|Any CPU.ActiveCfg = Debug|Any CPU
		{1FF2CBDD-7F6E-4DDE-91D1-EBD5763E8018}.Debug|Any CPU.Build.0 = Debug|Any CPU
		{1FF2CBDD-7F6E-4DDE-91D1-EBD5763E8018}.Debug|x64.ActiveCfg = Debug|x64
		{1FF2CBDD-7F6E-4DDE-91D1-EBD5763E8018}.Debug|x64.Build.0 = Debug|x64
		{1FF2CBDD-7F6E-4DDE-91D1-EBD5763E8018}.Release|Any CPU.ActiveCfg = Release|Any CPU
		{1FF2CBDD-7F6E-4DDE-91D1-EBD5763E8018}.Release|Any CPU.Build.0 = Release|Any CPU
		{1FF2CBDD-7F6E-4DDE-91D1-EBD5763E8018}.Release|x64.ActiveCfg = Release|x64
		{1FF2CBDD-7F6E-4DDE-91D1-EBD5763E8018}.Release|x64.Build.0 = Release|x64
		{58635AE0-9A30-4C2E-9A54-4135B2607299}.Debug|Any CPU.ActiveCfg = Debug|Any CPU
		{58635AE0-9A30-4C2E-9A54-4135B2607299}.Debug|Any CPU.Build.0 = Debug|Any CPU
		{58635AE0-9A30-4C2E-9A54-4135B2607299}.Debug|x64.ActiveCfg = Debug|x64
		{58635AE0-9A30-4C2E-9A54-4135B2607299}.Debug|x64.Build.0 = Debug|x64
		{58635AE0-9A30-4C2E-9A54-4135B2607299}.Release|Any CPU.ActiveCfg = Release|Any CPU
		{58635AE0-9A30-4C2E-9A54-4135B2607299}.Release|Any CPU.Build.0 = Release|Any CPU
		{58635AE0-9A30-4C2E-9A54-4135B2607299}.Release|x64.ActiveCfg = Release|x64
		{58635AE0-9A30-4C2E-9A54-4135B2607299}.Release|x64.Build.0 = Release|x64
		{0D6F74B9-1196-4DBA-84BE-086FCDCB6C5E}.Debug|Any CPU.ActiveCfg = Debug|Any CPU
		{0D6F74B9-1196-4DBA-84BE-086FCDCB6C5E}.Debug|Any CPU.Build.0 = Debug|Any CPU
		{0D6F74B9-1196-4DBA-84BE-086FCDCB6C5E}.Debug|x64.ActiveCfg = Debug|x64
		{0D6F74B9-1196-4DBA-84BE-086FCDCB6C5E}.Debug|x64.Build.0 = Debug|x64
		{0D6F74B9-1196-4DBA-84BE-086FCDCB6C5E}.Release|Any CPU.ActiveCfg = Release|Any CPU
		{0D6F74B9-1196-4DBA-84BE-086FCDCB6C5E}.Release|Any CPU.Build.0 = Release|Any CPU
		{0D6F74B9-1196-4DBA-84BE-086FCDCB6C5E}.Release|x64.ActiveCfg = Release|x64
		{0D6F74B9-1196-4DBA-84BE-086FCDCB6C5E}.Release|x64.Build.0 = Release|x64
		{EF86A53A-1A9A-45F9-8D77-BE0FD92E16CA}.Debug|Any CPU.ActiveCfg = Debug|Any CPU
		{EF86A53A-1A9A-45F9-8D77-BE0FD92E16CA}.Debug|Any CPU.Build.0 = Debug|Any CPU
		{EF86A53A-1A9A-45F9-8D77-BE0FD92E16CA}.Debug|x64.ActiveCfg = Debug|x64
		{EF86A53A-1A9A-45F9-8D77-BE0FD92E16CA}.Debug|x64.Build.0 = Debug|x64
		{EF86A53A-1A9A-45F9-8D77-BE0FD92E16CA}.Release|Any CPU.ActiveCfg = Release|Any CPU
		{EF86A53A-1A9A-45F9-8D77-BE0FD92E16CA}.Release|Any CPU.Build.0 = Release|Any CPU
		{EF86A53A-1A9A-45F9-8D77-BE0FD92E16CA}.Release|x64.ActiveCfg = Release|x64
		{EF86A53A-1A9A-45F9-8D77-BE0FD92E16CA}.Release|x64.Build.0 = Release|x64
		{818C082C-4696-44F2-AE09-97B1A6886191}.Debug|Any CPU.ActiveCfg = Debug|Any CPU
		{818C082C-4696-44F2-AE09-97B1A6886191}.Debug|Any CPU.Build.0 = Debug|Any CPU
		{818C082C-4696-44F2-AE09-97B1A6886191}.Debug|x64.ActiveCfg = Debug|x64
		{818C082C-4696-44F2-AE09-97B1A6886191}.Debug|x64.Build.0 = Debug|x64
		{818C082C-4696-44F2-AE09-97B1A6886191}.Release|Any CPU.ActiveCfg = Release|Any CPU
		{818C082C-4696-44F2-AE09-97B1A6886191}.Release|Any CPU.Build.0 = Release|Any CPU
		{818C082C-4696-44F2-AE09-97B1A6886191}.Release|x64.ActiveCfg = Release|x64
		{818C082C-4696-44F2-AE09-97B1A6886191}.Release|x64.Build.0 = Release|x64
		{803C1789-CA8F-46F4-86DF-164524353639}.Debug|Any CPU.ActiveCfg = Debug|Any CPU
		{803C1789-CA8F-46F4-86DF-164524353639}.Debug|Any CPU.Build.0 = Debug|Any CPU
		{803C1789-CA8F-46F4-86DF-164524353639}.Debug|x64.ActiveCfg = Debug|x64
		{803C1789-CA8F-46F4-86DF-164524353639}.Debug|x64.Build.0 = Debug|x64
		{803C1789-CA8F-46F4-86DF-164524353639}.Release|Any CPU.ActiveCfg = Release|Any CPU
		{803C1789-CA8F-46F4-86DF-164524353639}.Release|Any CPU.Build.0 = Release|Any CPU
		{803C1789-CA8F-46F4-86DF-164524353639}.Release|x64.ActiveCfg = Release|x64
		{803C1789-CA8F-46F4-86DF-164524353639}.Release|x64.Build.0 = Release|x64
		{AD0557DC-5DC6-438D-977D-D7771E99CEF5}.Debug|Any CPU.ActiveCfg = Debug|Any CPU
		{AD0557DC-5DC6-438D-977D-D7771E99CEF5}.Debug|Any CPU.Build.0 = Debug|Any CPU
		{AD0557DC-5DC6-438D-977D-D7771E99CEF5}.Debug|x64.ActiveCfg = Debug|x64
		{AD0557DC-5DC6-438D-977D-D7771E99CEF5}.Debug|x64.Build.0 = Debug|x64
		{AD0557DC-5DC6-438D-977D-D7771E99CEF5}.Release|Any CPU.ActiveCfg = Release|Any CPU
		{AD0557DC-5DC6-438D-977D-D7771E99CEF5}.Release|Any CPU.Build.0 = Release|Any CPU
		{AD0557DC-5DC6-438D-977D-D7771E99CEF5}.Release|x64.ActiveCfg = Release|x64
		{AD0557DC-5DC6-438D-977D-D7771E99CEF5}.Release|x64.Build.0 = Release|x64
		{83B4335E-F368-4F30-8772-963965A5CA4C}.Debug|Any CPU.ActiveCfg = Debug|Any CPU
		{83B4335E-F368-4F30-8772-963965A5CA4C}.Debug|Any CPU.Build.0 = Debug|Any CPU
		{83B4335E-F368-4F30-8772-963965A5CA4C}.Debug|x64.ActiveCfg = Debug|x64
		{83B4335E-F368-4F30-8772-963965A5CA4C}.Debug|x64.Build.0 = Debug|x64
		{83B4335E-F368-4F30-8772-963965A5CA4C}.Release|Any CPU.ActiveCfg = Release|Any CPU
		{83B4335E-F368-4F30-8772-963965A5CA4C}.Release|Any CPU.Build.0 = Release|Any CPU
		{83B4335E-F368-4F30-8772-963965A5CA4C}.Release|x64.ActiveCfg = Release|x64
		{83B4335E-F368-4F30-8772-963965A5CA4C}.Release|x64.Build.0 = Release|x64
		{89764B07-6937-4F2C-B876-991E1C879C44}.Debug|Any CPU.ActiveCfg = Debug|Any CPU
		{89764B07-6937-4F2C-B876-991E1C879C44}.Debug|Any CPU.Build.0 = Debug|Any CPU
		{89764B07-6937-4F2C-B876-991E1C879C44}.Debug|x64.ActiveCfg = Debug|x64
		{89764B07-6937-4F2C-B876-991E1C879C44}.Debug|x64.Build.0 = Debug|x64
		{89764B07-6937-4F2C-B876-991E1C879C44}.Release|Any CPU.ActiveCfg = Release|Any CPU
		{89764B07-6937-4F2C-B876-991E1C879C44}.Release|Any CPU.Build.0 = Release|Any CPU
		{89764B07-6937-4F2C-B876-991E1C879C44}.Release|x64.ActiveCfg = Release|x64
		{89764B07-6937-4F2C-B876-991E1C879C44}.Release|x64.Build.0 = Release|x64
		{51E2008F-9BC3-40F2-8C1D-A79F3D525BA7}.Debug|Any CPU.ActiveCfg = Debug|Any CPU
		{51E2008F-9BC3-40F2-8C1D-A79F3D525BA7}.Debug|Any CPU.Build.0 = Debug|Any CPU
		{51E2008F-9BC3-40F2-8C1D-A79F3D525BA7}.Debug|x64.ActiveCfg = Debug|x64
		{51E2008F-9BC3-40F2-8C1D-A79F3D525BA7}.Debug|x64.Build.0 = Debug|x64
		{51E2008F-9BC3-40F2-8C1D-A79F3D525BA7}.Release|Any CPU.ActiveCfg = Release|Any CPU
		{51E2008F-9BC3-40F2-8C1D-A79F3D525BA7}.Release|Any CPU.Build.0 = Release|Any CPU
		{51E2008F-9BC3-40F2-8C1D-A79F3D525BA7}.Release|x64.ActiveCfg = Release|x64
		{51E2008F-9BC3-40F2-8C1D-A79F3D525BA7}.Release|x64.Build.0 = Release|x64
		{6F6B6C9C-C821-4773-98F1-B3CD247EBFD3}.Debug|Any CPU.ActiveCfg = Debug|Any CPU
		{6F6B6C9C-C821-4773-98F1-B3CD247EBFD3}.Debug|Any CPU.Build.0 = Debug|Any CPU
		{6F6B6C9C-C821-4773-98F1-B3CD247EBFD3}.Debug|x64.ActiveCfg = Debug|x64
		{6F6B6C9C-C821-4773-98F1-B3CD247EBFD3}.Debug|x64.Build.0 = Debug|x64
		{6F6B6C9C-C821-4773-98F1-B3CD247EBFD3}.Release|Any CPU.ActiveCfg = Release|Any CPU
		{6F6B6C9C-C821-4773-98F1-B3CD247EBFD3}.Release|Any CPU.Build.0 = Release|Any CPU
		{6F6B6C9C-C821-4773-98F1-B3CD247EBFD3}.Release|x64.ActiveCfg = Release|x64
		{6F6B6C9C-C821-4773-98F1-B3CD247EBFD3}.Release|x64.Build.0 = Release|x64
	EndGlobalSection
	GlobalSection(SolutionProperties) = preSolution
		HideSolutionNode = FALSE
	EndGlobalSection
	GlobalSection(NestedProjects) = preSolution
		{FD5B9CCB-6D99-426D-B80A-8BDEC7C13462} = {DEB84ABA-03CF-4902-B354-914A60E94765}
		{64053B0A-CA80-45ED-8622-AB01696E1752} = {DEB84ABA-03CF-4902-B354-914A60E94765}
		{0D6F74B9-1196-4DBA-84BE-086FCDCB6C5E} = {DEB84ABA-03CF-4902-B354-914A60E94765}
		{CAB106E3-339A-4A65-A5B2-E4C73FF49F6F} = {FD5B9CCB-6D99-426D-B80A-8BDEC7C13462}
		{08F4DFC8-C6AC-4E91-9BF4-229F763984E6} = {FD5B9CCB-6D99-426D-B80A-8BDEC7C13462}
		{2BAE2819-4179-4951-9C0E-B0FC9DCC3A38} = {FD5B9CCB-6D99-426D-B80A-8BDEC7C13462}
		{0096FE72-138B-4B84-AAA3-FF37878B0A0D} = {02519D9F-93D5-4611-9E7C-91F3F30BB397}
		{CFDB2C0E-A39D-4492-97F7-70BC82C6CA69} = {02519D9F-93D5-4611-9E7C-91F3F30BB397}
		{7A556D17-60AE-468F-B91E-2A5CC41016FF} = {64053B0A-CA80-45ED-8622-AB01696E1752}
		{67CC11C4-E4E0-4B41-B099-0962459F88EB} = {64053B0A-CA80-45ED-8622-AB01696E1752}
		{5B201DBE-2B45-4DEB-8A78-3045DCC581AE} = {0096FE72-138B-4B84-AAA3-FF37878B0A0D}
		{1431B21D-96B1-400D-893B-AABE794845C4} = {0096FE72-138B-4B84-AAA3-FF37878B0A0D}
		{9C167216-3F98-4379-B2AF-E91EC6162FA3} = {CFDB2C0E-A39D-4492-97F7-70BC82C6CA69}
		{79A25E09-9235-4C59-A2A6-0F1658A6D4EC} = {CFDB2C0E-A39D-4492-97F7-70BC82C6CA69}
		{31EC337A-F4C1-4C7A-BDE3-523729A561F4} = {CFDB2C0E-A39D-4492-97F7-70BC82C6CA69}
		{58635AE0-9A30-4C2E-9A54-4135B2607299} = {CAB106E3-339A-4A65-A5B2-E4C73FF49F6F}
		{EF86A53A-1A9A-45F9-8D77-BE0FD92E16CA} = {9C167216-3F98-4379-B2AF-E91EC6162FA3}
		{89764B07-6937-4F2C-B876-991E1C879C44} = {9C167216-3F98-4379-B2AF-E91EC6162FA3}
		{51E2008F-9BC3-40F2-8C1D-A79F3D525BA7} = {9C167216-3F98-4379-B2AF-E91EC6162FA3}
		{818C082C-4696-44F2-AE09-97B1A6886191} = {79A25E09-9235-4C59-A2A6-0F1658A6D4EC}
		{803C1789-CA8F-46F4-86DF-164524353639} = {79A25E09-9235-4C59-A2A6-0F1658A6D4EC}
		{6F6B6C9C-C821-4773-98F1-B3CD247EBFD3} = {79A25E09-9235-4C59-A2A6-0F1658A6D4EC}
		{5CBC8C39-DE0F-4CFF-A902-4B0C3991641A} = {5B201DBE-2B45-4DEB-8A78-3045DCC581AE}
		{83B4335E-F368-4F30-8772-963965A5CA4C} = {5B201DBE-2B45-4DEB-8A78-3045DCC581AE}
		{AD0557DC-5DC6-438D-977D-D7771E99CEF5} = {31EC337A-F4C1-4C7A-BDE3-523729A561F4}
		{1FF2CBDD-7F6E-4DDE-91D1-EBD5763E8018} = {31EC337A-F4C1-4C7A-BDE3-523729A561F4}
		{960A5BFF-37AD-4DC1-BB7B-68918462B4A0} = {1431B21D-96B1-400D-893B-AABE794845C4}
		{18C554D8-BBDF-49C0-B551-88FBF9C26C31} = {08F4DFC8-C6AC-4E91-9BF4-229F763984E6}
		{6463CA27-FD7A-46B1-B2BA-02AE1EF91F04} = {7A556D17-60AE-468F-B91E-2A5CC41016FF}
	EndGlobalSection
EndGlobal
